{
  "name": "js-blp",
  "version": "1.0.3",
  "lockfileVersion": 1,
  "requires": true,
  "dependencies": {
    "bufo": {
      "version": "1.1.2",
      "resolved": "https://registry.npmjs.org/bufo/-/bufo-1.1.2.tgz",
      "integrity": "sha512-/ydnOjxP6dKI7paCeKqM7jZNEng5IivO2HfSe0F39VX3azctxTy/QzM+CeAIRhjuSpkFQznKEa9I1jRG1eWn3w=="
    }
  }
}
