{
  "name": "js-blp",
  "version": "1.0.0",
  "lockfileVersion": 1,
  "requires": true,
  "dependencies": {
    "bufo": {
      "version": "1.1.1",
      "resolved": "https://registry.npmjs.org/bufo/-/bufo-1.1.1.tgz",
      "integrity": "sha512-EqY2wH6dk4UVTX9ETSvN1fZl+p8IMw0i4lOC3Ulopst/R4CAaUUPTdEJUcFA62H+DiZyK9RSLnF25mQ1vLKMIA=="
    }
  }
}
